
Microsoft Visual Studio Solution File, Format Version 12.00
# Visual Studio Version 17
VisualStudioVersion = 17.5.33414.496
MinimumVisualStudioVersion = 10.0.40219.1
Project("{FAE04EC0-301F-11D3-BF4B-00C04F79EFBC}") = "Draw", "Draw\Draw.csproj", "{FEBD6D09-B4C3-4926-B26B-D855C10EF23B}"
EndProject
Global
	GlobalSection(SolutionConfigurationPlatforms) = preSolution
		Debug|Any CPU = Debug|Any CPU
		Release|Any CPU = Release|Any CPU
	EndGlobalSection
	GlobalSection(ProjectConfigurationPlatforms) = postSolution
		{FEBD6D09-B4C3-4926-B26B-D855C10EF23B}.Debug|Any CPU.ActiveCfg = Debug|Any CPU
		{FEBD6D09-B4C3-4926-B26B-D855C10EF23B}.Debug|Any CPU.Build.0 = Debug|Any CPU
		{FEBD6D09-B4C3-4926-B26B-D855C10EF23B}.Release|Any CPU.ActiveCfg = Release|Any CPU
		{FEBD6D09-B4C3-4926-B26B-D855C10EF23B}.Release|Any CPU.Build.0 = Release|Any CPU
	EndGlobalSection
	GlobalSection(SolutionProperties) = preSolution
		HideSolutionNode = FALSE
	EndGlobalSection
	GlobalSection(ExtensibilityGlobals) = postSolution
		SolutionGuid = {2DF4A3C2-EECA-4185-803F-84C4FF3A85B9}
	EndGlobalSection
EndGlobal
